{
  "name": "flighttoolbox-miniprogram",
  "version": "1.0.0",
  "lockfileVersion": 3,
  "requires": true,
  "packages": {
    "": {
      "name": "flighttoolbox-miniprogram",
      "version": "1.0.0",
      "license": "MIT",
      "dependencies": {
        "@vant/weapp": "^1.11.7"
      },
      "devDependencies": {}
    },
    "node_modules/@vant/weapp": {
      "version": "1.11.7",
      "license": "MIT"
    }
  }
}
